
Microsoft Visual Studio Solution File, Format Version 12.00
# Visual Studio Version 17
VisualStudioVersion = 17.0.31808.319
MinimumVisualStudioVersion = 10.0.40219.1
Project("{9A19103F-16F7-4668-BE54-9A1E7A4F7556}") = "SalesforceUtils", "SalesforceUtils\SalesforceUtils.csproj", "{EFA8531B-AADE-47DA-8FF0-899F044E9C03}"
EndProject
Project("{2150E333-8FDC-42A3-9474-1A3956D46DE8}") = "Resources", "Resources", "{CECD6A45-EB45-46D7-872E-F91FC0B53A7E}"
	ProjectSection(SolutionItems) = preProject
		SfdcEnterprise.wsdl = SfdcEnterprise.wsdl
	EndProjectSection
EndProject
Global
	GlobalSection(SolutionConfigurationPlatforms) = preSolution
		Debug|Any CPU = Debug|Any CPU
		Release|Any CPU = Release|Any CPU
	EndGlobalSection
	GlobalSection(ProjectConfigurationPlatforms) = postSolution
		{EFA8531B-AADE-47DA-8FF0-899F044E9C03}.Debug|Any CPU.ActiveCfg = Debug|Any CPU
		{EFA8531B-AADE-47DA-8FF0-899F044E9C03}.Debug|Any CPU.Build.0 = Debug|Any CPU
		{EFA8531B-AADE-47DA-8FF0-899F044E9C03}.Release|Any CPU.ActiveCfg = Release|Any CPU
		{EFA8531B-AADE-47DA-8FF0-899F044E9C03}.Release|Any CPU.Build.0 = Release|Any CPU
	EndGlobalSection
	GlobalSection(SolutionProperties) = preSolution
		HideSolutionNode = FALSE
	EndGlobalSection
	GlobalSection(ExtensibilityGlobals) = postSolution
		SolutionGuid = {FCCFB43B-7FA5-49E2-AA6C-A1AD2ECC9425}
	EndGlobalSection
EndGlobal
